// !$*UTF8*$!
{
	archiveVersion = 1;
	classes = {
	};
	objectVersion = 55;
	objects = {

/* Begin PBXBuildFile section */
		F75089C827E54BA6008A5022 /* Artist.swift in Sources */ = {isa = PBXBuildFile; fileRef = F75089C727E54BA6008A5022 /* Artist.swift */; };
		F75089CA27E54C35008A5022 /* Album.swift in Sources */ = {isa = PBXBuildFile; fileRef = F75089C927E54C35008A5022 /* Album.swift */; };
		F75089CC27E54D8A008A5022 /* Song.swift in Sources */ = {isa = PBXBuildFile; fileRef = F75089CB27E54D8A008A5022 /* Song.swift */; };
		F776AEE727ECA7AA00A461F0 /* GenresCollectionViewItemCell.swift in Sources */ = {isa = PBXBuildFile; fileRef = F776AEE527ECA7AA00A461F0 /* GenresCollectionViewItemCell.swift */; };
		F776AEE827ECA7AA00A461F0 /* GenresCollectionViewItemCell.xib in Resources */ = {isa = PBXBuildFile; fileRef = F776AEE627ECA7AA00A461F0 /* GenresCollectionViewItemCell.xib */; };
		F7796E4B27EBCD2300B40354 /* GenresCollectionViewHeader.swift in Sources */ = {isa = PBXBuildFile; fileRef = F7796E4927EBCD2300B40354 /* GenresCollectionViewHeader.swift */; };
		F7796E4C27EBCD2300B40354 /* GenresCollectionViewHeader.xib in Resources */ = {isa = PBXBuildFile; fileRef = F7796E4A27EBCD2300B40354 /* GenresCollectionViewHeader.xib */; };
		F7839B0027E0A85000C3111D /* AppDelegate.swift in Sources */ = {isa = PBXBuildFile; fileRef = F7839AFF27E0A85000C3111D /* AppDelegate.swift */; };
		F7839B0227E0A85000C3111D /* SceneDelegate.swift in Sources */ = {isa = PBXBuildFile; fileRef = F7839B0127E0A85000C3111D /* SceneDelegate.swift */; };
		F7839B0427E0A85000C3111D /* HomeViewController.swift in Sources */ = {isa = PBXBuildFile; fileRef = F7839B0327E0A85000C3111D /* HomeViewController.swift */; };
		F7839B0727E0A85000C3111D /* Main.storyboard in Resources */ = {isa = PBXBuildFile; fileRef = F7839B0527E0A85000C3111D /* Main.storyboard */; };
		F7839B0927E0A85200C3111D /* Assets.xcassets in Resources */ = {isa = PBXBuildFile; fileRef = F7839B0827E0A85200C3111D /* Assets.xcassets */; };
		F7839B0C27E0A85200C3111D /* LaunchScreen.storyboard in Resources */ = {isa = PBXBuildFile; fileRef = F7839B0A27E0A85200C3111D /* LaunchScreen.storyboard */; };
		F7839B1727E0BF4F00C3111D /* SearchViewController.swift in Sources */ = {isa = PBXBuildFile; fileRef = F7839B1627E0BF4F00C3111D /* SearchViewController.swift */; };
		F7839B1927E0BF9C00C3111D /* LibraryViewController.swift in Sources */ = {isa = PBXBuildFile; fileRef = F7839B1827E0BF9C00C3111D /* LibraryViewController.swift */; };
		F79B8E9F27E611C600D0FF57 /* RecentsCollectionViewCell.swift in Sources */ = {isa = PBXBuildFile; fileRef = F79B8E9D27E611C600D0FF57 /* RecentsCollectionViewCell.swift */; };
		F79B8EA027E611C600D0FF57 /* RecentsCollectionViewCell.xib in Resources */ = {isa = PBXBuildFile; fileRef = F79B8E9E27E611C600D0FF57 /* RecentsCollectionViewCell.xib */; };
		F79B8EAC27E6238A00D0FF57 /* PlaylistsTableViewCell.swift in Sources */ = {isa = PBXBuildFile; fileRef = F79B8EAA27E6238A00D0FF57 /* PlaylistsTableViewCell.swift */; };
		F79B8EAD27E6238A00D0FF57 /* PlaylistsTableViewCell.xib in Resources */ = {isa = PBXBuildFile; fileRef = F79B8EAB27E6238A00D0FF57 /* PlaylistsTableViewCell.xib */; };
		F7F2CEC727E6452A004D69BF /* CustomTabBarController.swift in Sources */ = {isa = PBXBuildFile; fileRef = F7F2CEC627E6452A004D69BF /* CustomTabBarController.swift */; };
/* End PBXBuildFile section */

/* Begin PBXFileReference section */
		F75089C727E54BA6008A5022 /* Artist.swift */ = {isa = PBXFileReference; lastKnownFileType = sourcecode.swift; path = Artist.swift; sourceTree = "<group>"; };
		F75089C927E54C35008A5022 /* Album.swift */ = {isa = PBXFileReference; lastKnownFileType = sourcecode.swift; path = Album.swift; sourceTree = "<group>"; };
		F75089CB27E54D8A008A5022 /* Song.swift */ = {isa = PBXFileReference; lastKnownFileType = sourcecode.swift; path = Song.swift; sourceTree = "<group>"; };
		F776AEE527ECA7AA00A461F0 /* GenresCollectionViewItemCell.swift */ = {isa = PBXFileReference; lastKnownFileType = sourcecode.swift; path = GenresCollectionViewItemCell.swift; sourceTree = "<group>"; };
		F776AEE627ECA7AA00A461F0 /* GenresCollectionViewItemCell.xib */ = {isa = PBXFileReference; lastKnownFileType = file.xib; path = GenresCollectionViewItemCell.xib; sourceTree = "<group>"; };
		F7796E4927EBCD2300B40354 /* GenresCollectionViewHeader.swift */ = {isa = PBXFileReference; lastKnownFileType = sourcecode.swift; path = GenresCollectionViewHeader.swift; sourceTree = "<group>"; };
		F7796E4A27EBCD2300B40354 /* GenresCollectionViewHeader.xib */ = {isa = PBXFileReference; lastKnownFileType = file.xib; path = GenresCollectionViewHeader.xib; sourceTree = "<group>"; };
		F7839AFC27E0A85000C3111D /* Spotify Clone Attempt.app */ = {isa = PBXFileReference; explicitFileType = wrapper.application; includeInIndex = 0; path = "Spotify Clone Attempt.app"; sourceTree = BUILT_PRODUCTS_DIR; };
		F7839AFF27E0A85000C3111D /* AppDelegate.swift */ = {isa = PBXFileReference; lastKnownFileType = sourcecode.swift; path = AppDelegate.swift; sourceTree = "<group>"; };
		F7839B0127E0A85000C3111D /* SceneDelegate.swift */ = {isa = PBXFileReference; lastKnownFileType = sourcecode.swift; path = SceneDelegate.swift; sourceTree = "<group>"; };
		F7839B0327E0A85000C3111D /* HomeViewController.swift */ = {isa = PBXFileReference; lastKnownFileType = sourcecode.swift; path = HomeViewController.swift; sourceTree = "<group>"; };
		F7839B0627E0A85000C3111D /* Base */ = {isa = PBXFileReference; lastKnownFileType = file.storyboard; name = Base; path = Base.lproj/Main.storyboard; sourceTree = "<group>"; };
		F7839B0827E0A85200C3111D /* Assets.xcassets */ = {isa = PBXFileReference; lastKnownFileType = folder.assetcatalog; path = Assets.xcassets; sourceTree = "<group>"; };
		F7839B0B27E0A85200C3111D /* Base */ = {isa = PBXFileReference; lastKnownFileType = file.storyboard; name = Base; path = Base.lproj/LaunchScreen.storyboard; sourceTree = "<group>"; };
		F7839B0D27E0A85200C3111D /* Info.plist */ = {isa = PBXFileReference; lastKnownFileType = text.plist.xml; path = Info.plist; sourceTree = "<group>"; };
		F7839B1627E0BF4F00C3111D /* SearchViewController.swift */ = {isa = PBXFileReference; lastKnownFileType = sourcecode.swift; path = SearchViewController.swift; sourceTree = "<group>"; };
		F7839B1827E0BF9C00C3111D /* LibraryViewController.swift */ = {isa = PBXFileReference; lastKnownFileType = sourcecode.swift; path = LibraryViewController.swift; sourceTree = "<group>"; };
		F79B8E9D27E611C600D0FF57 /* RecentsCollectionViewCell.swift */ = {isa = PBXFileReference; lastKnownFileType = sourcecode.swift; path = RecentsCollectionViewCell.swift; sourceTree = "<group>"; };
		F79B8E9E27E611C600D0FF57 /* RecentsCollectionViewCell.xib */ = {isa = PBXFileReference; lastKnownFileType = file.xib; path = RecentsCollectionViewCell.xib; sourceTree = "<group>"; };
		F79B8EAA27E6238A00D0FF57 /* PlaylistsTableViewCell.swift */ = {isa = PBXFileReference; lastKnownFileType = sourcecode.swift; name = PlaylistsTableViewCell.swift; path = "Spotify Clone Attempt/Controllers/PlaylistsTableViewCell.swift"; sourceTree = SOURCE_ROOT; };
		F79B8EAB27E6238A00D0FF57 /* PlaylistsTableViewCell.xib */ = {isa = PBXFileReference; lastKnownFileType = file.xib; name = PlaylistsTableViewCell.xib; path = "Spotify Clone Attempt/Controllers/PlaylistsTableViewCell.xib"; sourceTree = SOURCE_ROOT; };
		F7F2CEC627E6452A004D69BF /* CustomTabBarController.swift */ = {isa = PBXFileReference; lastKnownFileType = sourcecode.swift; path = CustomTabBarController.swift; sourceTree = "<group>"; };
/* End PBXFileReference section */

/* Begin PBXFrameworksBuildPhase section */
		F7839AF927E0A85000C3111D /* Frameworks */ = {
			isa = PBXFrameworksBuildPhase;
			buildActionMask = 2147483647;
			files = (
			);
			runOnlyForDeploymentPostprocessing = 0;
		};
/* End PBXFrameworksBuildPhase section */

/* Begin PBXGroup section */
		F776AEE427ECA77800A461F0 /* GenresCollectionViewItem */ = {
			isa = PBXGroup;
			children = (
				F776AEE527ECA7AA00A461F0 /* GenresCollectionViewItemCell.swift */,
				F776AEE627ECA7AA00A461F0 /* GenresCollectionViewItemCell.xib */,
			);
			path = GenresCollectionViewItem;
			sourceTree = "<group>";
		};
		F7796E4727EBCCB500B40354 /* GenresCollectionView */ = {
			isa = PBXGroup;
			children = (
				F776AEE427ECA77800A461F0 /* GenresCollectionViewItem */,
				F7796E4827EBCCC900B40354 /* GrenresCollectionViewHeader */,
			);
			path = GenresCollectionView;
			sourceTree = "<group>";
		};
		F7796E4827EBCCC900B40354 /* GrenresCollectionViewHeader */ = {
			isa = PBXGroup;
			children = (
				F7796E4927EBCD2300B40354 /* GenresCollectionViewHeader.swift */,
				F7796E4A27EBCD2300B40354 /* GenresCollectionViewHeader.xib */,
			);
			path = GrenresCollectionViewHeader;
			sourceTree = "<group>";
		};
		F7839AF327E0A84F00C3111D = {
			isa = PBXGroup;
			children = (
				F7839AFE27E0A85000C3111D /* Spotify Clone Attempt */,
				F7839AFD27E0A85000C3111D /* Products */,
			);
			sourceTree = "<group>";
		};
		F7839AFD27E0A85000C3111D /* Products */ = {
			isa = PBXGroup;
			children = (
				F7839AFC27E0A85000C3111D /* Spotify Clone Attempt.app */,
			);
			name = Products;
			sourceTree = "<group>";
		};
		F7839AFE27E0A85000C3111D /* Spotify Clone Attempt */ = {
			isa = PBXGroup;
			children = (
				F7839B1327E0BBD000C3111D /* Models */,
				F7839B1427E0BBE500C3111D /* Views */,
				F7839B1527E0BBED00C3111D /* Controllers */,
				F7839AFF27E0A85000C3111D /* AppDelegate.swift */,
				F7839B0127E0A85000C3111D /* SceneDelegate.swift */,
				F7839B0827E0A85200C3111D /* Assets.xcassets */,
				F7839B0D27E0A85200C3111D /* Info.plist */,
			);
			path = "Spotify Clone Attempt";
			sourceTree = "<group>";
		};
		F7839B1327E0BBD000C3111D /* Models */ = {
			isa = PBXGroup;
			children = (
				F75089C727E54BA6008A5022 /* Artist.swift */,
				F75089C927E54C35008A5022 /* Album.swift */,
				F75089CB27E54D8A008A5022 /* Song.swift */,
			);
			path = Models;
			sourceTree = "<group>";
		};
		F7839B1427E0BBE500C3111D /* Views */ = {
			isa = PBXGroup;
			children = (
				F7796E4727EBCCB500B40354 /* GenresCollectionView */,
				F79B8EA527E622C700D0FF57 /* PlaylistsTableView */,
				F79B8E9C27E6117B00D0FF57 /* RecentsCollectionView */,
				F7839B0A27E0A85200C3111D /* LaunchScreen.storyboard */,
				F7839B0527E0A85000C3111D /* Main.storyboard */,
			);
			path = Views;
			sourceTree = "<group>";
		};
		F7839B1527E0BBED00C3111D /* Controllers */ = {
			isa = PBXGroup;
			children = (
				F7839B0327E0A85000C3111D /* HomeViewController.swift */,
				F7839B1627E0BF4F00C3111D /* SearchViewController.swift */,
				F7839B1827E0BF9C00C3111D /* LibraryViewController.swift */,
				F7F2CEC627E6452A004D69BF /* CustomTabBarController.swift */,
			);
			path = Controllers;
			sourceTree = "<group>";
		};
		F79B8E9C27E6117B00D0FF57 /* RecentsCollectionView */ = {
			isa = PBXGroup;
			children = (
				F79B8E9D27E611C600D0FF57 /* RecentsCollectionViewCell.swift */,
				F79B8E9E27E611C600D0FF57 /* RecentsCollectionViewCell.xib */,
			);
			path = RecentsCollectionView;
			sourceTree = "<group>";
		};
		F79B8EA527E622C700D0FF57 /* PlaylistsTableView */ = {
			isa = PBXGroup;
			children = (
				F79B8EAA27E6238A00D0FF57 /* PlaylistsTableViewCell.swift */,
				F79B8EAB27E6238A00D0FF57 /* PlaylistsTableViewCell.xib */,
			);
			path = PlaylistsTableView;
			sourceTree = "<group>";
		};
/* End PBXGroup section */

/* Begin PBXNativeTarget section */
		F7839AFB27E0A85000C3111D /* Spotify Clone Attempt */ = {
			isa = PBXNativeTarget;
			buildConfigurationList = F7839B1027E0A85200C3111D /* Build configuration list for PBXNativeTarget "Spotify Clone Attempt" */;
			buildPhases = (
				F7839AF827E0A85000C3111D /* Sources */,
				F7839AF927E0A85000C3111D /* Frameworks */,
				F7839AFA27E0A85000C3111D /* Resources */,
			);
			buildRules = (
			);
			dependencies = (
			);
			name = "Spotify Clone Attempt";
			productName = "Spotify Clone Attempt";
			productReference = F7839AFC27E0A85000C3111D /* Spotify Clone Attempt.app */;
			productType = "com.apple.product-type.application";
		};
/* End PBXNativeTarget section */

/* Begin PBXProject section */
		F7839AF427E0A84F00C3111D /* Project object */ = {
			isa = PBXProject;
			attributes = {
				BuildIndependentTargetsInParallel = 1;
				LastSwiftUpdateCheck = 1320;
				LastUpgradeCheck = 1320;
				TargetAttributes = {
					F7839AFB27E0A85000C3111D = {
						CreatedOnToolsVersion = 13.2;
					};
				};
			};
			buildConfigurationList = F7839AF727E0A84F00C3111D /* Build configuration list for PBXProject "Spotify Clone Attempt" */;
			compatibilityVersion = "Xcode 13.0";
			developmentRegion = en;
			hasScannedForEncodings = 0;
			knownRegions = (
				en,
				Base,
			);
			mainGroup = F7839AF327E0A84F00C3111D;
			productRefGroup = F7839AFD27E0A85000C3111D /* Products */;
			projectDirPath = "";
			projectRoot = "";
			targets = (
				F7839AFB27E0A85000C3111D /* Spotify Clone Attempt */,
			);
		};
/* End PBXProject section */

/* Begin PBXResourcesBuildPhase section */
		F7839AFA27E0A85000C3111D /* Resources */ = {
			isa = PBXResourcesBuildPhase;
			buildActionMask = 2147483647;
			files = (
				F79B8EAD27E6238A00D0FF57 /* PlaylistsTableViewCell.xib in Resources */,
				F7796E4C27EBCD2300B40354 /* GenresCollectionViewHeader.xib in Resources */,
				F7839B0C27E0A85200C3111D /* LaunchScreen.storyboard in Resources */,
				F79B8EA027E611C600D0FF57 /* RecentsCollectionViewCell.xib in Resources */,
				F7839B0927E0A85200C3111D /* Assets.xcassets in Resources */,
				F776AEE827ECA7AA00A461F0 /* GenresCollectionViewItemCell.xib in Resources */,
				F7839B0727E0A85000C3111D /* Main.storyboard in Resources */,
			);
			runOnlyForDeploymentPostprocessing = 0;
		};
/* End PBXResourcesBuildPhase section */

/* Begin PBXSourcesBuildPhase section */
		F7839AF827E0A85000C3111D /* Sources */ = {
			isa = PBXSourcesBuildPhase;
			buildActionMask = 2147483647;
			files = (
				F75089C827E54BA6008A5022 /* Artist.swift in Sources */,
				F7839B0427E0A85000C3111D /* HomeViewController.swift in Sources */,
				F7796E4B27EBCD2300B40354 /* GenresCollectionViewHeader.swift in Sources */,
				F7839B1927E0BF9C00C3111D /* LibraryViewController.swift in Sources */,
				F7839B0027E0A85000C3111D /* AppDelegate.swift in Sources */,
				F75089CC27E54D8A008A5022 /* Song.swift in Sources */,
				F7F2CEC727E6452A004D69BF /* CustomTabBarController.swift in Sources */,
				F79B8E9F27E611C600D0FF57 /* RecentsCollectionViewCell.swift in Sources */,
				F7839B1727E0BF4F00C3111D /* SearchViewController.swift in Sources */,
				F776AEE727ECA7AA00A461F0 /* GenresCollectionViewItemCell.swift in Sources */,
				F79B8EAC27E6238A00D0FF57 /* PlaylistsTableViewCell.swift in Sources */,
				F75089CA27E54C35008A5022 /* Album.swift in Sources */,
				F7839B0227E0A85000C3111D /* SceneDelegate.swift in Sources */,
			);
			runOnlyForDeploymentPostprocessing = 0;
		};
/* End PBXSourcesBuildPhase section */

/* Begin PBXVariantGroup section */
		F7839B0527E0A85000C3111D /* Main.storyboard */ = {
			isa = PBXVariantGroup;
			children = (
				F7839B0627E0A85000C3111D /* Base */,
			);
			name = Main.storyboard;
			sourceTree = "<group>";
		};
		F7839B0A27E0A85200C3111D /* LaunchScreen.storyboard */ = {
			isa = PBXVariantGroup;
			children = (
				F7839B0B27E0A85200C3111D /* Base */,
			);
			name = LaunchScreen.storyboard;
			sourceTree = "<group>";
		};
/* End PBXVariantGroup section */

/* Begin XCBuildConfiguration section */
		F7839B0E27E0A85200C3111D /* Debug */ = {
			isa = XCBuildConfiguration;
			buildSettings = {
				ALWAYS_SEARCH_USER_PATHS = NO;
				CLANG_ANALYZER_NONNULL = YES;
				CLANG_ANALYZER_NUMBER_OBJECT_CONVERSION = YES_AGGRESSIVE;
				CLANG_CXX_LANGUAGE_STANDARD = "gnu++17";
				CLANG_CXX_LIBRARY = "libc++";
				CLANG_ENABLE_MODULES = YES;
				CLANG_ENABLE_OBJC_ARC = YES;
				CLANG_ENABLE_OBJC_WEAK = YES;
				CLANG_WARN_BLOCK_CAPTURE_AUTORELEASING = YES;
				CLANG_WARN_BOOL_CONVERSION = YES;
				CLANG_WARN_COMMA = YES;
				CLANG_WARN_CONSTANT_CONVERSION = YES;
				CLANG_WARN_DEPRECATED_OBJC_IMPLEMENTATIONS = YES;
				CLANG_WARN_DIRECT_OBJC_ISA_USAGE = YES_ERROR;
				CLANG_WARN_DOCUMENTATION_COMMENTS = YES;
				CLANG_WARN_EMPTY_BODY = YES;
				CLANG_WARN_ENUM_CONVERSION = YES;
				CLANG_WARN_INFINITE_RECURSION = YES;
				CLANG_WARN_INT_CONVERSION = YES;
				CLANG_WARN_NON_LITERAL_NULL_CONVERSION = YES;
				CLANG_WARN_OBJC_IMPLICIT_RETAIN_SELF = YES;
				CLANG_WARN_OBJC_LITERAL_CONVERSION = YES;
				CLANG_WARN_OBJC_ROOT_CLASS = YES_ERROR;
				CLANG_WARN_QUOTED_INCLUDE_IN_FRAMEWORK_HEADER = YES;
				CLANG_WARN_RANGE_LOOP_ANALYSIS = YES;
				CLANG_WARN_STRICT_PROTOTYPES = YES;
				CLANG_WARN_SUSPICIOUS_MOVE = YES;
				CLANG_WARN_UNGUARDED_AVAILABILITY = YES_AGGRESSIVE;
				CLANG_WARN_UNREACHABLE_CODE = YES;
				CLANG_WARN__DUPLICATE_METHOD_MATCH = YES;
				COPY_PHASE_STRIP = NO;
				DEBUG_INFORMATION_FORMAT = dwarf;
				ENABLE_STRICT_OBJC_MSGSEND = YES;
				ENABLE_TESTABILITY = YES;
				GCC_C_LANGUAGE_STANDARD = gnu11;
				GCC_DYNAMIC_NO_PIC = NO;
				GCC_NO_COMMON_BLOCKS = YES;
				GCC_OPTIMIZATION_LEVEL = 0;
				GCC_PREPROCESSOR_DEFINITIONS = (
					"DEBUG=1",
					"$(inherited)",
				);
				GCC_WARN_64_TO_32_BIT_CONVERSION = YES;
				GCC_WARN_ABOUT_RETURN_TYPE = YES_ERROR;
				GCC_WARN_UNDECLARED_SELECTOR = YES;
				GCC_WARN_UNINITIALIZED_AUTOS = YES_AGGRESSIVE;
				GCC_WARN_UNUSED_FUNCTION = YES;
				GCC_WARN_UNUSED_VARIABLE = YES;
				IPHONEOS_DEPLOYMENT_TARGET = 15.2;
				MTL_ENABLE_DEBUG_INFO = INCLUDE_SOURCE;
				MTL_FAST_MATH = YES;
				ONLY_ACTIVE_ARCH = YES;
				SDKROOT = iphoneos;
				SWIFT_ACTIVE_COMPILATION_CONDITIONS = DEBUG;
				SWIFT_OPTIMIZATION_LEVEL = "-Onone";
			};
			name = Debug;
		};
		F7839B0F27E0A85200C3111D /* Release */ = {
			isa = XCBuildConfiguration;
			buildSettings = {
				ALWAYS_SEARCH_USER_PATHS = NO;
				CLANG_ANALYZER_NONNULL = YES;
				CLANG_ANALYZER_NUMBER_OBJECT_CONVERSION = YES_AGGRESSIVE;
				CLANG_CXX_LANGUAGE_STANDARD = "gnu++17";
				CLANG_CXX_LIBRARY = "libc++";
				CLANG_ENABLE_MODULES = YES;
				CLANG_ENABLE_OBJC_ARC = YES;
				CLANG_ENABLE_OBJC_WEAK = YES;
				CLANG_WARN_BLOCK_CAPTURE_AUTORELEASING = YES;
				CLANG_WARN_BOOL_CONVERSION = YES;
				CLANG_WARN_COMMA = YES;
				CLANG_WARN_CONSTANT_CONVERSION = YES;
				CLANG_WARN_DEPRECATED_OBJC_IMPLEMENTATIONS = YES;
				CLANG_WARN_DIRECT_OBJC_ISA_USAGE = YES_ERROR;
				CLANG_WARN_DOCUMENTATION_COMMENTS = YES;
				CLANG_WARN_EMPTY_BODY = YES;
				CLANG_WARN_ENUM_CONVERSION = YES;
				CLANG_WARN_INFINITE_RECURSION = YES;
				CLANG_WARN_INT_CONVERSION = YES;
				CLANG_WARN_NON_LITERAL_NULL_CONVERSION = YES;
				CLANG_WARN_OBJC_IMPLICIT_RETAIN_SELF = YES;
				CLANG_WARN_OBJC_LITERAL_CONVERSION = YES;
				CLANG_WARN_OBJC_ROOT_CLASS = YES_ERROR;
				CLANG_WARN_QUOTED_INCLUDE_IN_FRAMEWORK_HEADER = YES;
				CLANG_WARN_RANGE_LOOP_ANALYSIS = YES;
				CLANG_WARN_STRICT_PROTOTYPES = YES;
				CLANG_WARN_SUSPICIOUS_MOVE = YES;
				CLANG_WARN_UNGUARDED_AVAILABILITY = YES_AGGRESSIVE;
				CLANG_WARN_UNREACHABLE_CODE = YES;
				CLANG_WARN__DUPLICATE_METHOD_MATCH = YES;
				COPY_PHASE_STRIP = NO;
				DEBUG_INFORMATION_FORMAT = "dwarf-with-dsym";
				ENABLE_NS_ASSERTIONS = NO;
				ENABLE_STRICT_OBJC_MSGSEND = YES;
				GCC_C_LANGUAGE_STANDARD = gnu11;
				GCC_NO_COMMON_BLOCKS = YES;
				GCC_WARN_64_TO_32_BIT_CONVERSION = YES;
				GCC_WARN_ABOUT_RETURN_TYPE = YES_ERROR;
				GCC_WARN_UNDECLARED_SELECTOR = YES;
				GCC_WARN_UNINITIALIZED_AUTOS = YES_AGGRESSIVE;
				GCC_WARN_UNUSED_FUNCTION = YES;
				GCC_WARN_UNUSED_VARIABLE = YES;
				IPHONEOS_DEPLOYMENT_TARGET = 15.2;
				MTL_ENABLE_DEBUG_INFO = NO;
				MTL_FAST_MATH = YES;
				SDKROOT = iphoneos;
				SWIFT_COMPILATION_MODE = wholemodule;
				SWIFT_OPTIMIZATION_LEVEL = "-O";
				VALIDATE_PRODUCT = YES;
			};
			name = Release;
		};
		F7839B1127E0A85200C3111D /* Debug */ = {
			isa = XCBuildConfiguration;
			buildSettings = {
				ASSETCATALOG_COMPILER_APPICON_NAME = AppIcon;
				ASSETCATALOG_COMPILER_GLOBAL_ACCENT_COLOR_NAME = AccentColor;
				CODE_SIGN_STYLE = Automatic;
				CURRENT_PROJECT_VERSION = 1;
				GENERATE_INFOPLIST_FILE = YES;
				INFOPLIST_FILE = "Spotify Clone Attempt/Info.plist";
				INFOPLIST_KEY_UIApplicationSupportsIndirectInputEvents = YES;
				INFOPLIST_KEY_UILaunchStoryboardName = LaunchScreen;
				INFOPLIST_KEY_UIMainStoryboardFile = Main;
				INFOPLIST_KEY_UISupportedInterfaceOrientations = UIInterfaceOrientationPortrait;
				INFOPLIST_KEY_UISupportedInterfaceOrientations_iPad = "UIInterfaceOrientationPortrait UIInterfaceOrientationPortraitUpsideDown UIInterfaceOrientationLandscapeLeft UIInterfaceOrientationLandscapeRight";
				INFOPLIST_KEY_UISupportedInterfaceOrientations_iPhone = "UIInterfaceOrientationPortrait UIInterfaceOrientationLandscapeLeft UIInterfaceOrientationLandscapeRight";
				LD_RUNPATH_SEARCH_PATHS = (
					"$(inherited)",
					"@executable_path/Frameworks",
				);
				MARKETING_VERSION = 1.0;
				PRODUCT_BUNDLE_IDENTIFIER = "com.qabbout.Spotify-Clone-Attempt";
				PRODUCT_NAME = "$(TARGET_NAME)";
				SWIFT_EMIT_LOC_STRINGS = YES;
				SWIFT_VERSION = 5.0;
				TARGETED_DEVICE_FAMILY = 1;
			};
			name = Debug;
		};
		F7839B1227E0A85200C3111D /* Release */ = {
			isa = XCBuildConfiguration;
			buildSettings = {
				ASSETCATALOG_COMPILER_APPICON_NAME = AppIcon;
				ASSETCATALOG_COMPILER_GLOBAL_ACCENT_COLOR_NAME = AccentColor;
				CODE_SIGN_STYLE = Automatic;
				CURRENT_PROJECT_VERSION = 1;
				GENERATE_INFOPLIST_FILE = YES;
				INFOPLIST_FILE = "Spotify Clone Attempt/Info.plist";
				INFOPLIST_KEY_UIApplicationSupportsIndirectInputEvents = YES;
				INFOPLIST_KEY_UILaunchStoryboardName = LaunchScreen;
				INFOPLIST_KEY_UIMainStoryboardFile = Main;
				INFOPLIST_KEY_UISupportedInterfaceOrientations = UIInterfaceOrientationPortrait;
				INFOPLIST_KEY_UISupportedInterfaceOrientations_iPad = "UIInterfaceOrientationPortrait UIInterfaceOrientationPortraitUpsideDown UIInterfaceOrientationLandscapeLeft UIInterfaceOrientationLandscapeRight";
				INFOPLIST_KEY_UISupportedInterfaceOrientations_iPhone = "UIInterfaceOrientationPortrait UIInterfaceOrientationLandscapeLeft UIInterfaceOrientationLandscapeRight";
				LD_RUNPATH_SEARCH_PATHS = (
					"$(inherited)",
					"@executable_path/Frameworks",
				);
				MARKETING_VERSION = 1.0;
				PRODUCT_BUNDLE_IDENTIFIER = "com.qabbout.Spotify-Clone-Attempt";
				PRODUCT_NAME = "$(TARGET_NAME)";
				SWIFT_EMIT_LOC_STRINGS = YES;
				SWIFT_VERSION = 5.0;
				TARGETED_DEVICE_FAMILY = 1;
			};
			name = Release;
		};
/* End XCBuildConfiguration section */

/* Begin XCConfigurationList section */
		F7839AF727E0A84F00C3111D /* Build configuration list for PBXProject "Spotify Clone Attempt" */ = {
			isa = XCConfigurationList;
			buildConfigurations = (
				F7839B0E27E0A85200C3111D /* Debug */,
				F7839B0F27E0A85200C3111D /* Release */,
			);
			defaultConfigurationIsVisible = 0;
			defaultConfigurationName = Release;
		};
		F7839B1027E0A85200C3111D /* Build configuration list for PBXNativeTarget "Spotify Clone Attempt" */ = {
			isa = XCConfigurationList;
			buildConfigurations = (
				F7839B1127E0A85200C3111D /* Debug */,
				F7839B1227E0A85200C3111D /* Release */,
			);
			defaultConfigurationIsVisible = 0;
			defaultConfigurationName = Release;
		};
/* End XCConfigurationList section */
	};
	rootObject = F7839AF427E0A84F00C3111D /* Project object */;
}
